
Microsoft Visual Studio Solution File, Format Version 12.00
# Visual Studio Version 16
VisualStudioVersion = 16.0.32228.343
MinimumVisualStudioVersion = 10.0.40219.1
Project("{FAE04EC0-301F-11D3-BF4B-00C04F79EFBC}") = "Teste_Desafio_03", "Teste_Desafio_03\Teste_Desafio_03.csproj", "{9B040627-F63A-4BE5-A54A-3A4C616DF7D8}"
EndProject
Global
	GlobalSection(SolutionConfigurationPlatforms) = preSolution
		Debug|Any CPU = Debug|Any CPU
		Release|Any CPU = Release|Any CPU
	EndGlobalSection
	GlobalSection(ProjectConfigurationPlatforms) = postSolution
		{9B040627-F63A-4BE5-A54A-3A4C616DF7D8}.Debug|Any CPU.ActiveCfg = Debug|Any CPU
		{9B040627-F63A-4BE5-A54A-3A4C616DF7D8}.Debug|Any CPU.Build.0 = Debug|Any CPU
		{9B040627-F63A-4BE5-A54A-3A4C616DF7D8}.Release|Any CPU.ActiveCfg = Release|Any CPU
		{9B040627-F63A-4BE5-A54A-3A4C616DF7D8}.Release|Any CPU.Build.0 = Release|Any CPU
	EndGlobalSection
	GlobalSection(SolutionProperties) = preSolution
		HideSolutionNode = FALSE
	EndGlobalSection
	GlobalSection(ExtensibilityGlobals) = postSolution
		SolutionGuid = {DEE87D3B-E212-49BD-A454-C92292D064C3}
	EndGlobalSection
EndGlobal
