using System;

namespace Teste_Desafio_03
{
	class Program
	{
        static void Main(string[] args)
        {
            //R01
            int numeroDeAlunos = 0, indiceMaiorNota = 0;

            /** Definindo o tamanho do array **/
            Console.Write("Quantos alunos tem na sala de aula? ");
            numeroDeAlunos = Convert.ToInt16(Console.ReadLine());

            /** Instanciando os arrays de notas e alunos de acordo com o número de alunos definido **/
            int[] notasAlunos = new int[numeroDeAlunos];
            string[] nomesAlunos = new string[numeroDeAlunos];

            /** Recebendo os valores do usuário .. Aqui iremos obter o índice (posição no array) 
             * em que a maior nota for digitada .. Por padrão, a primeira nota digitada será 
             * a maior (verifique a declaração da variável indiceMaiorNota - recebe 0, a posição inicial do array) .. 
             * Faremos a verificação da maior nota a partir do segundo loop, quando i for maior que 0 **/

            for (int i = 0; i < numeroDeAlunos; i++)
            {
               //pulando linha para organizar
                Console.WriteLine();

                Console.Write("Qual nome do aluno " + (i + 1) + "? ");
                nomesAlunos[i] = Console.ReadLine();

                Console.Write("Qual nota do(a) aluno(a) " + nomesAlunos[i] + "? ");
                notasAlunos[i] = Convert.ToInt16(Console.ReadLine());

                /** Verificando se a nova nota inserida é maior que a anterior **/
                if (i > 0 && (notasAlunos[i] > notasAlunos[indiceMaiorNota]))
                    indiceMaiorNota = i;
            }

            //Pulando linha para organizar
            Console.WriteLine();

            /** Imprimindo o nome e a nota de acordo com o índice da maior nota **/
            Console.WriteLine("O aluno com maior nota é: " + nomesAlunos[indiceMaiorNota] + " " + notasAlunos[indiceMaiorNota]);
            Console.ReadLine();
        }
        /* 
         * R01 – IMPRIMIR MENSAGEM PERGUNTANDO QUANTIDADE DE ALUNOS;
         * R02 – LER E ARMAZENAR INFORMAÇÃO;
         * R03 – IMPRIMIR MENSAGEM PERGUNTANDO NOME E NOTA DO ALUNO
                 (DE ACORDO COM A QUANTIDADE DO R01);
         * R04 – IMPRIMIR O ALUNO COM MAIOR NOTA; 
         */
    }
}

